<?xml version="1.0" encoding="UTF-8" standalone="yes" ?>
<CodeBlocks_project_file>
	<FileVersion major="1" minor="6" />
	<Project>
		<Option title="JumpnRun" />
		<Option pch_mode="2" />
		<Option compiler="gcc" />
		<Build>
			<Target title="Debug">
				<Option output="bin\Debug\JumpnRun" prefix_auto="1" extension_auto="1" />
				<Option object_output="obj\Debug\" />
				<Option type="1" />
				<Option compiler="gcc" />
				<Compiler>
					<Add option="-g" />
					<Add directory="src" />
				</Compiler>
			</Target>
			<Target title="Release">
				<Option output="bin\Release\JumpnRun" prefix_auto="1" extension_auto="1" />
				<Option object_output="obj\Release\" />
				<Option type="1" />
				<Option compiler="gcc" />
				<Compiler>
					<Add option="-march=core2" />
					<Add option="-O3" />
					<Add option="-O2" />
					<Add option="-O1" />
				</Compiler>
				<Linker>
					<Add option="-s" />
				</Linker>
			</Target>
			<Target title="PhysicsTest">
				<Option output="PhysicsTest" prefix_auto="1" extension_auto="1" />
				<Option type="1" />
				<Option compiler="gcc" />
				<Compiler>
					<Add option="-g" />
				</Compiler>
			</Target>
		</Build>
		<Compiler>
			<Add option="-Wall" />
			<Add directory="src" />
		</Compiler>
		<Linker>
			<Add option="-lsfml-graphics" />
			<Add option="-lsfml-audio" />
			<Add option="-lsfml-window" />
			<Add option="-lsfml-network" />
			<Add option="-lsfml-system" />
			<Add option="-lopengl32" />
			<Add option="-lglu32" />
		</Linker>
		<Unit filename="src\Audio\SoundImpl.h">
			<Option target="Debug" />
			<Option target="Release" />
		</Unit>
		<Unit filename="src\Audio\SoundManager.cpp">
			<Option target="Debug" />
			<Option target="Release" />
		</Unit>
		<Unit filename="src\Audio\SoundManager.h">
			<Option target="Debug" />
			<Option target="Release" />
		</Unit>
		<Unit filename="src\Core\DynArr.cpp" />
		<Unit filename="src\Core\DynArr.h" />
		<Unit filename="src\Core\List.cpp" />
		<Unit filename="src\Core\List.h" />
		<Unit filename="src\Core\Node.cpp" />
		<Unit filename="src\Core\Node.h" />
		<Unit filename="src\Core\Tools.cpp" />
		<Unit filename="src\Core\Tools.h" />
		<Unit filename="src\Core\Vec2.cpp" />
		<Unit filename="src\Core\Vec2.h" />
		<Unit filename="src\Core\md5.cpp" />
		<Unit filename="src\Core\md5.h" />
		<Unit filename="src\Game\FPSCounter.cpp">
			<Option target="Debug" />
			<Option target="Release" />
		</Unit>
		<Unit filename="src\Game\FPSCounter.h">
			<Option target="Debug" />
			<Option target="Release" />
		</Unit>
		<Unit filename="src\Game\Game.cpp">
			<Option target="Debug" />
			<Option target="Release" />
		</Unit>
		<Unit filename="src\Game\Game.h">
			<Option target="Debug" />
			<Option target="Release" />
		</Unit>
		<Unit filename="src\Game\Message.cpp">
			<Option target="Debug" />
			<Option target="Release" />
		</Unit>
		<Unit filename="src\Game\Message.h">
			<Option target="Debug" />
			<Option target="Release" />
		</Unit>
		<Unit filename="src\Game\SharedResources.cpp">
			<Option target="Debug" />
			<Option target="Release" />
		</Unit>
		<Unit filename="src\Game\SharedResources.h">
			<Option target="Debug" />
			<Option target="Release" />
		</Unit>
		<Unit filename="src\Level\Level.cpp">
			<Option target="Debug" />
			<Option target="Release" />
		</Unit>
		<Unit filename="src\Level\Level.h">
			<Option target="Debug" />
			<Option target="Release" />
		</Unit>
		<Unit filename="src\Level\LevelEditor.cpp">
			<Option target="Debug" />
			<Option target="Release" />
		</Unit>
		<Unit filename="src\Level\LevelEditor.h">
			<Option target="Debug" />
			<Option target="Release" />
		</Unit>
		<Unit filename="src\Level\LevelEditorApp.cpp">
			<Option target="Debug" />
			<Option target="Release" />
		</Unit>
		<Unit filename="src\Level\LevelEditorApp.h">
			<Option target="Debug" />
			<Option target="Release" />
		</Unit>
		<Unit filename="src\Menu\Menu.cpp">
			<Option target="Debug" />
			<Option target="Release" />
		</Unit>
		<Unit filename="src\Menu\Menu.h">
			<Option target="Debug" />
			<Option target="Release" />
		</Unit>
		<Unit filename="src\Menu\MenuItem.cpp">
			<Option target="Debug" />
			<Option target="Release" />
		</Unit>
		<Unit filename="src\Menu\MenuItem.h">
			<Option target="Debug" />
			<Option target="Release" />
		</Unit>
		<Unit filename="src\Menu\MenuOfItems.cpp">
			<Option target="Debug" />
			<Option target="Release" />
		</Unit>
		<Unit filename="src\Menu\MenuOfItems.h">
			<Option target="Debug" />
			<Option target="Release" />
		</Unit>
		<Unit filename="src\Objects\Animation.cpp">
			<Option target="Debug" />
			<Option target="Release" />
		</Unit>
		<Unit filename="src\Objects\Animation.h">
			<Option target="Debug" />
			<Option target="Release" />
		</Unit>
		<Unit filename="src\Objects\Cloth.cpp">
			<Option target="Debug" />
			<Option target="Release" />
		</Unit>
		<Unit filename="src\Objects\Cloth.h">
			<Option target="Debug" />
			<Option target="Release" />
		</Unit>
		<Unit filename="src\Objects\Flag.cpp">
			<Option target="Debug" />
			<Option target="Release" />
		</Unit>
		<Unit filename="src\Objects\Flag.h">
			<Option target="Debug" />
			<Option target="Release" />
		</Unit>
		<Unit filename="src\Objects\Object.cpp">
			<Option target="Debug" />
			<Option target="Release" />
		</Unit>
		<Unit filename="src\Objects\Object.h">
			<Option target="Debug" />
			<Option target="Release" />
		</Unit>
		<Unit filename="src\Objects\Player.cpp">
			<Option target="Debug" />
			<Option target="Release" />
		</Unit>
		<Unit filename="src\Objects\Player.h">
			<Option target="Debug" />
			<Option target="Release" />
		</Unit>
		<Unit filename="src\Physics\Elastic.cpp" />
		<Unit filename="src\Physics\Elastic.h" />
		<Unit filename="src\Physics\Grid.cpp" />
		<Unit filename="src\Physics\Grid.h" />
		<Unit filename="src\Physics\Physics.h" />
		<Unit filename="src\Physics\Polygon.cpp" />
		<Unit filename="src\Physics\Polygon.h" />
		<Unit filename="src\Physics\Rigid.cpp" />
		<Unit filename="src\Physics\Rigid.h" />
		<Unit filename="src\Physics\Vertex.cpp" />
		<Unit filename="src\Physics\Vertex.h" />
		<Unit filename="src\Physics\World.cpp" />
		<Unit filename="src\Physics\World.h" />
		<Unit filename="src\Rendering\OpenGL.cpp">
			<Option target="Debug" />
			<Option target="Release" />
		</Unit>
		<Unit filename="src\Rendering\OpenGL.h">
			<Option target="Debug" />
			<Option target="Release" />
		</Unit>
		<Unit filename="src\Score\Score.cpp">
			<Option target="Debug" />
			<Option target="Release" />
		</Unit>
		<Unit filename="src\Score\Score.h">
			<Option target="Debug" />
			<Option target="Release" />
		</Unit>
		<Unit filename="src\Test.cpp">
			<Option target="Debug" />
			<Option target="Release" />
		</Unit>
		<Unit filename="tests\TestGrid.cpp">
			<Option target="&lt;{~None~}&gt;" />
		</Unit>
		<Unit filename="tests\TestPhysics.cpp">
			<Option target="PhysicsTest" />
		</Unit>
		<Unit filename="tests\TestVec2.cpp">
			<Option target="&lt;{~None~}&gt;" />
		</Unit>
		<Extensions>
			<code_completion />
			<debugger />
			<envvars />
		</Extensions>
	</Project>
</CodeBlocks_project_file>
