<?xml version="1.0" encoding="UTF-8" standalone="yes" ?>
<CodeBlocks_project_file>
	<FileVersion major="1" minor="6" />
	<Project>
		<Option title="JumpnRun" />
		<Option pch_mode="2" />
		<Option compiler="gcc" />
		<Build>
			<Target title="Debug">
				<Option output="bin\Debug\JumpnRun" prefix_auto="1" extension_auto="1" />
				<Option object_output="obj\Debug\" />
				<Option type="1" />
				<Option compiler="gcc" />
				<Compiler>
					<Add option="-g" />
					<Add directory="src" />
				</Compiler>
			</Target>
			<Target title="Release">
				<Option output="bin\Release\JumpnRun" prefix_auto="1" extension_auto="1" />
				<Option object_output="obj\Release\" />
				<Option type="1" />
				<Option compiler="gcc" />
				<Compiler>
					<Add option="-march=core2" />
					<Add option="-O3" />
					<Add option="-O2" />
					<Add option="-O1" />
				</Compiler>
				<Linker>
					<Add option="-s" />
				</Linker>
			</Target>
		</Build>
		<Compiler>
			<Add option="-Wall" />
			<Add directory="src" />
		</Compiler>
		<Linker>
			<Add option="-lsfml-graphics" />
			<Add option="-lsfml-audio" />
			<Add option="-lsfml-window" />
			<Add option="-lsfml-network" />
			<Add option="-lsfml-system" />
			<Add option="-lopengl32" />
			<Add option="-lglu32" />
		</Linker>
		<Unit filename="src\Audio\SoundImpl.h" />
		<Unit filename="src\Audio\SoundManager.cpp" />
		<Unit filename="src\Audio\SoundManager.h" />
		<Unit filename="src\Core\DynArr.cpp" />
		<Unit filename="src\Core\DynArr.h" />
		<Unit filename="src\Core\List.cpp" />
		<Unit filename="src\Core\List.h" />
		<Unit filename="src\Core\Node.cpp" />
		<Unit filename="src\Core\Node.h" />
		<Unit filename="src\Core\Tools.cpp" />
		<Unit filename="src\Core\Tools.h" />
		<Unit filename="src\Core\Vec2.cpp" />
		<Unit filename="src\Core\Vec2.h" />
		<Unit filename="src\Core\md5.cpp" />
		<Unit filename="src\Core\md5.h" />
		<Unit filename="src\Game\FPSCounter.cpp" />
		<Unit filename="src\Game\FPSCounter.h" />
		<Unit filename="src\Game\Game.cpp" />
		<Unit filename="src\Game\Game.h" />
		<Unit filename="src\Level\Level.cpp" />
		<Unit filename="src\Level\Level.h" />
		<Unit filename="src\Level\LevelEditor.cpp" />
		<Unit filename="src\Level\LevelEditor.h" />
		<Unit filename="src\Level\LevelEditorApp.cpp" />
		<Unit filename="src\Level\LevelEditorApp.h" />
		<Unit filename="src\Menu\Menu.cpp" />
		<Unit filename="src\Menu\Menu.h" />
		<Unit filename="src\Menu\MenuItem.cpp" />
		<Unit filename="src\Menu\MenuItem.h" />
		<Unit filename="src\Menu\MenuOfItems.cpp" />
		<Unit filename="src\Menu\MenuOfItems.h" />
		<Unit filename="src\Objects\Animation.cpp" />
		<Unit filename="src\Objects\Animation.h" />
		<Unit filename="src\Objects\Cloth.cpp" />
		<Unit filename="src\Objects\Cloth.h" />
		<Unit filename="src\Objects\Object.cpp" />
		<Unit filename="src\Objects\Object.h" />
		<Unit filename="src\Objects\Player.cpp" />
		<Unit filename="src\Objects\Player.h" />
		<Unit filename="src\Physics\Angular.cpp" />
		<Unit filename="src\Physics\Angular.h" />
		<Unit filename="src\Physics\Elastic.cpp" />
		<Unit filename="src\Physics\Elastic.h" />
		<Unit filename="src\Physics\Grid.cpp" />
		<Unit filename="src\Physics\Grid.h" />
		<Unit filename="src\Physics\Joint.cpp" />
		<Unit filename="src\Physics\Joint.h" />
		<Unit filename="src\Physics\Length.cpp" />
		<Unit filename="src\Physics\Length.h" />
		<Unit filename="src\Physics\Physics.h" />
		<Unit filename="src\Physics\Polygon.cpp" />
		<Unit filename="src\Physics\Polygon.h" />
		<Unit filename="src\Physics\Rigid.cpp" />
		<Unit filename="src\Physics\Rigid.h" />
		<Unit filename="src\Physics\Vertex.cpp" />
		<Unit filename="src\Physics\Vertex.h" />
		<Unit filename="src\Physics\World.cpp" />
		<Unit filename="src\Physics\World.h" />
		<Unit filename="src\Rendering\OpenGL.cpp" />
		<Unit filename="src\Rendering\OpenGL.h" />
		<Unit filename="src\Score\Score.cpp" />
		<Unit filename="src\Score\Score.h" />
		<Unit filename="src\Test.cpp" />
		<Extensions>
			<code_completion />
			<debugger />
			<envvars />
		</Extensions>
	</Project>
</CodeBlocks_project_file>
