<?xml version="1.0" encoding="UTF-8" standalone="yes" ?>
<CodeBlocks_project_file>
	<FileVersion major="1" minor="6" />
	<Project>
		<Option title="PhysicsC" />
		<Option pch_mode="2" />
		<Option compiler="gcc" />
		<Build>
			<Target title="Debug">
				<Option output="bin\Debug\Physics" prefix_auto="1" extension_auto="1" />
				<Option object_output="obj\Debug\" />
				<Option type="1" />
				<Option compiler="gcc" />
				<Compiler>
					<Add option="-ansi" />
					<Add option="-g" />
				</Compiler>
			</Target>
			<Target title="Release">
				<Option output="bin\Release\Physics" prefix_auto="1" extension_auto="1" />
				<Option object_output="obj\Release\" />
				<Option type="1" />
				<Option compiler="gcc" />
				<Compiler>
					<Add option="-O2" />
				</Compiler>
				<Linker>
					<Add option="-s" />
				</Linker>
			</Target>
		</Build>
		<Compiler>
			<Add option="-pedantic" />
			<Add option="-Wall" />
			<Add option="-ansi" />
		</Compiler>
		<Linker>
			<Add option="-lm" />
		</Linker>
		<Unit filename="List.c">
			<Option compilerVar="CC" />
		</Unit>
		<Unit filename="List.h" />
		<Unit filename="Node.c">
			<Option compilerVar="CC" />
		</Unit>
		<Unit filename="Node.h" />
		<Unit filename="PhysicsC.h" />
		<Unit filename="Rigid.c">
			<Option compilerVar="CC" />
		</Unit>
		<Unit filename="Rigid.h" />
		<Unit filename="Test.c">
			<Option compilerVar="CC" />
		</Unit>
		<Unit filename="Tools.h" />
		<Unit filename="Vec2.c">
			<Option compilerVar="CC" />
		</Unit>
		<Unit filename="Vec2.h" />
		<Unit filename="Vertex.c">
			<Option compilerVar="CC" />
		</Unit>
		<Unit filename="Vertex.h" />
		<Extensions>
			<code_completion />
			<envvars />
			<debugger />
			<lib_finder disable_auto="1" />
		</Extensions>
	</Project>
</CodeBlocks_project_file>
